
Microsoft Visual Studio Solution File, Format Version 12.00
# Visual Studio Version 17
VisualStudioVersion = 17.13.35931.197
MinimumVisualStudioVersion = 10.0.40219.1
Project("{2150E333-8FDC-42A3-9474-1A3956D46DE8}") = "1. Enterprise Business Rules", "1. Enterprise Business Rules", "{02EA681E-C7D8-13C7-8484-4AC65E1B71E8}"
EndProject
Project("{2150E333-8FDC-42A3-9474-1A3956D46DE8}") = "2. Application Business Rules", "2. Application Business Rules", "{0CD0C305-15F9-428F-B25A-03689E381D3C}"
EndProject
Project("{2150E333-8FDC-42A3-9474-1A3956D46DE8}") = "3. Interface Adapters", "3. Interface Adapters", "{376DE628-CDB8-4A0C-B48E-C4D5E84A721D}"
EndProject
Project("{2150E333-8FDC-42A3-9474-1A3956D46DE8}") = "4. Frameworks And Drivers", "4. Frameworks And Drivers", "{665FE28E-3B15-4DD4-B57E-D5F271F413B0}"
EndProject
Project("{FAE04EC0-301F-11D3-BF4B-00C04F79EFBC}") = "Northwind.Sales.Entities", "Northwind.Sales.Entities\Northwind.Sales.Entities.csproj", "{278D9C00-CD77-4AEC-BC14-26498C0F0137}"
EndProject
Project("{FAE04EC0-301F-11D3-BF4B-00C04F79EFBC}") = "Northwind.Sales.Backend.BusinessObjects", "Northwind.Sales.Backend.BusinessObjects\Northwind.Sales.Backend.BusinessObjects.csproj", "{FC069221-CB39-4061-B751-41A8976610D8}"
EndProject
Project("{FAE04EC0-301F-11D3-BF4B-00C04F79EFBC}") = "Northwind.Sales.Backend.BusinessUseCases", "Northwind.Sales.Backend.BusinessUseCases\Northwind.Sales.Backend.BusinessUseCases.csproj", "{C9211111-60E3-42FA-9140-BBC2E806D705}"
EndProject
Global
	GlobalSection(SolutionConfigurationPlatforms) = preSolution
		Debug|Any CPU = Debug|Any CPU
		Release|Any CPU = Release|Any CPU
	EndGlobalSection
	GlobalSection(ProjectConfigurationPlatforms) = postSolution
		{278D9C00-CD77-4AEC-BC14-26498C0F0137}.Debug|Any CPU.ActiveCfg = Debug|Any CPU
		{278D9C00-CD77-4AEC-BC14-26498C0F0137}.Debug|Any CPU.Build.0 = Debug|Any CPU
		{278D9C00-CD77-4AEC-BC14-26498C0F0137}.Release|Any CPU.ActiveCfg = Release|Any CPU
		{278D9C00-CD77-4AEC-BC14-26498C0F0137}.Release|Any CPU.Build.0 = Release|Any CPU
		{FC069221-CB39-4061-B751-41A8976610D8}.Debug|Any CPU.ActiveCfg = Debug|Any CPU
		{FC069221-CB39-4061-B751-41A8976610D8}.Debug|Any CPU.Build.0 = Debug|Any CPU
		{FC069221-CB39-4061-B751-41A8976610D8}.Release|Any CPU.ActiveCfg = Release|Any CPU
		{FC069221-CB39-4061-B751-41A8976610D8}.Release|Any CPU.Build.0 = Release|Any CPU
		{C9211111-60E3-42FA-9140-BBC2E806D705}.Debug|Any CPU.ActiveCfg = Debug|Any CPU
		{C9211111-60E3-42FA-9140-BBC2E806D705}.Debug|Any CPU.Build.0 = Debug|Any CPU
		{C9211111-60E3-42FA-9140-BBC2E806D705}.Release|Any CPU.ActiveCfg = Release|Any CPU
		{C9211111-60E3-42FA-9140-BBC2E806D705}.Release|Any CPU.Build.0 = Release|Any CPU
	EndGlobalSection
	GlobalSection(SolutionProperties) = preSolution
		HideSolutionNode = FALSE
	EndGlobalSection
	GlobalSection(NestedProjects) = preSolution
		{278D9C00-CD77-4AEC-BC14-26498C0F0137} = {02EA681E-C7D8-13C7-8484-4AC65E1B71E8}
		{FC069221-CB39-4061-B751-41A8976610D8} = {0CD0C305-15F9-428F-B25A-03689E381D3C}
		{C9211111-60E3-42FA-9140-BBC2E806D705} = {0CD0C305-15F9-428F-B25A-03689E381D3C}
	EndGlobalSection
	GlobalSection(ExtensibilityGlobals) = postSolution
		SolutionGuid = {8C57CA27-353E-4B7C-AA45-ED3F2E652B1E}
	EndGlobalSection
EndGlobal
